PODS:
  - Mantle (2.0.5):
    - Mantle/extobjc (= 2.0.5)
  - Mantle/extobjc (2.0.5)
  - UICKeyChainStore (2.1.0)
  - WAAccountStore (1.3):
    - UICKeyChainStore
    - WAKeyValuePersistenceStore
  - WAKeyValuePersistenceStore (1.2):
    - WAKeyValuePersistenceStore/Core (= 1.2)
  - WAKeyValuePersistenceStore/Core (1.2)

DEPENDENCIES:
  - Mantle
  - WAAccountStore (from `../`)

EXTERNAL SOURCES:
  WAAccountStore:
    :path: "../"

SPEC CHECKSUMS:
  Mantle: 1912395033f601de5adc8ee91e48f46e4c7051ad
  UICKeyChainStore: f1cbd42216a113f0165de1e733e62905b8823432
  WAAccountStore: 67ac219537bda4de60a996f7d4038e565d815913
  WAKeyValuePersistenceStore: 89e78c087607dfd6115d56996fa829019df5b70b

PODFILE CHECKSUM: 1aef745b71cf7dc1c84539be5455bfaf3e6589fe

COCOAPODS: 1.2.1
