PODS:
  - Mantle (2.0.5):
    - Mantle/extobjc (= 2.0.5)
  - Mantle/extobjc (2.0.5)
  - UICKeyChainStore (2.0.6)
  - WAAccountStore (1.2):
    - UICKeyChainStore
    - WAKeyValuePersistenceStore
  - WAKeyValuePersistenceStore (1.1):
    - WAKeyValuePersistenceStore/Core (= 1.1)
  - WAKeyValuePersistenceStore/Core (1.1)

DEPENDENCIES:
  - Mantle
  - WAAccountStore (from `../`)

EXTERNAL SOURCES:
  WAAccountStore:
    :path: "../"

SPEC CHECKSUMS:
  Mantle: 1912395033f601de5adc8ee91e48f46e4c7051ad
  UICKeyChainStore: c5719c814e8bd69e74e4a0fc09daf8f4d6257a59
  WAAccountStore: 3f2d52b9fa624bee97ee252c92c9d6d8e51d0e7f
  WAKeyValuePersistenceStore: 5894ffc1d4d44bf5177ff64d8e0bfa239241aaa1

COCOAPODS: 0.38.2
